// !$*UTF8*$!
{
	archiveVersion = 1;
	classes = {
	};
	objectVersion = 56;
	objects = {

/* Begin PBXBuildFile section */
		4849B3102B035FB800CBE244 /* AppDelegate.swift in Sources */ = {isa = PBXBuildFile; fileRef = 4849B30F2B035FB800CBE244 /* AppDelegate.swift */; };
		4849B3122B035FB800CBE244 /* SceneDelegate.swift in Sources */ = {isa = PBXBuildFile; fileRef = 4849B3112B035FB800CBE244 /* SceneDelegate.swift */; };
		4849B3172B035FB800CBE244 /* Main.storyboard in Resources */ = {isa = PBXBuildFile; fileRef = 4849B3152B035FB800CBE244 /* Main.storyboard */; };
		4849B3192B035FBD00CBE244 /* Assets.xcassets in Resources */ = {isa = PBXBuildFile; fileRef = 4849B3182B035FBD00CBE244 /* Assets.xcassets */; };
		4849B31C2B035FBD00CBE244 /* LaunchScreen.storyboard in Resources */ = {isa = PBXBuildFile; fileRef = 4849B31A2B035FBD00CBE244 /* LaunchScreen.storyboard */; };
		4849B3272B035FBD00CBE244 /* CommunityProjectTests.swift in Sources */ = {isa = PBXBuildFile; fileRef = 4849B3262B035FBD00CBE244 /* CommunityProjectTests.swift */; };
		4849B3312B035FBD00CBE244 /* CommunityProjectUITests.swift in Sources */ = {isa = PBXBuildFile; fileRef = 4849B3302B035FBD00CBE244 /* CommunityProjectUITests.swift */; };
		4849B3332B035FBD00CBE244 /* CommunityProjectUITestsLaunchTests.swift in Sources */ = {isa = PBXBuildFile; fileRef = 4849B3322B035FBD00CBE244 /* CommunityProjectUITestsLaunchTests.swift */; };
		4849B3402B0360B600CBE244 /* LoginViewController.swift in Sources */ = {isa = PBXBuildFile; fileRef = 4849B33F2B0360B600CBE244 /* LoginViewController.swift */; };
		4849B3432B0362A900CBE244 /* LoginView.swift in Sources */ = {isa = PBXBuildFile; fileRef = 4849B3422B0362A900CBE244 /* LoginView.swift */; };
		4849B3582B08547800CBE244 /* BaseView.swift in Sources */ = {isa = PBXBuildFile; fileRef = 4849B3572B08547800CBE244 /* BaseView.swift */; };
		4849B35B2B08551200CBE244 /* SnapKit in Frameworks */ = {isa = PBXBuildFile; productRef = 4849B35A2B08551200CBE244 /* SnapKit */; };
		4849B35E2B085B3C00CBE244 /* SignUpView.swift in Sources */ = {isa = PBXBuildFile; fileRef = 4849B35D2B085B3C00CBE244 /* SignUpView.swift */; };
		4849B3602B08645000CBE244 /* SignUpViewController.swift in Sources */ = {isa = PBXBuildFile; fileRef = 4849B35F2B08645000CBE244 /* SignUpViewController.swift */; };
		4849B3622B0A0A6800CBE244 /* SignUpViewModel.swift in Sources */ = {isa = PBXBuildFile; fileRef = 4849B3612B0A0A6800CBE244 /* SignUpViewModel.swift */; };
		4849B3652B0A0DC800CBE244 /* RxCocoa in Frameworks */ = {isa = PBXBuildFile; productRef = 4849B3642B0A0DC800CBE244 /* RxCocoa */; };
		4849B3672B0A0DC800CBE244 /* RxRelay in Frameworks */ = {isa = PBXBuildFile; productRef = 4849B3662B0A0DC800CBE244 /* RxRelay */; };
		4849B3692B0A0DC800CBE244 /* RxSwift in Frameworks */ = {isa = PBXBuildFile; productRef = 4849B3682B0A0DC800CBE244 /* RxSwift */; };
		48C045912B299F7700C1139A /* EditProfileViewController.swift in Sources */ = {isa = PBXBuildFile; fileRef = 48C045902B299F7700C1139A /* EditProfileViewController.swift */; };
		48C045932B299F9E00C1139A /* EditProfileView.swift in Sources */ = {isa = PBXBuildFile; fileRef = 48C045922B299F9E00C1139A /* EditProfileView.swift */; };
		48C045952B299FA900C1139A /* EditProfileViewModel.swift in Sources */ = {isa = PBXBuildFile; fileRef = 48C045942B299FA900C1139A /* EditProfileViewModel.swift */; };
		48C045992B29A53C00C1139A /* SettingViewController.swift in Sources */ = {isa = PBXBuildFile; fileRef = 48C045982B29A53C00C1139A /* SettingViewController.swift */; };
		48C0459B2B29A54200C1139A /* SettingView.swift in Sources */ = {isa = PBXBuildFile; fileRef = 48C0459A2B29A54200C1139A /* SettingView.swift */; };
		48C0459D2B29A54800C1139A /* SettingViewModel.swift in Sources */ = {isa = PBXBuildFile; fileRef = 48C0459C2B29A54800C1139A /* SettingViewModel.swift */; };
		48DA22AD2B0E50A400A6FD56 /* .gitignore in Resources */ = {isa = PBXBuildFile; fileRef = 48DA22AC2B0E50A400A6FD56 /* .gitignore */; };
		48DA22B12B0E522F00A6FD56 /* APIkey.swift in Sources */ = {isa = PBXBuildFile; fileRef = 48DA22B02B0E522F00A6FD56 /* APIkey.swift */; };
		48DA22B32B0E533900A6FD56 /* APIModel.swift in Sources */ = {isa = PBXBuildFile; fileRef = 48DA22B22B0E533900A6FD56 /* APIModel.swift */; };
		48DA23022B0F384600A6FD56 /* Moya in Frameworks */ = {isa = PBXBuildFile; productRef = 48DA23012B0F384600A6FD56 /* Moya */; };
		48DA23042B0F389E00A6FD56 /* API.swift in Sources */ = {isa = PBXBuildFile; fileRef = 48DA23032B0F389E00A6FD56 /* API.swift */; };
		48DA230E2B10406C00A6FD56 /* LoginViewModel.swift in Sources */ = {isa = PBXBuildFile; fileRef = 48DA230D2B10406C00A6FD56 /* LoginViewModel.swift */; };
		48DA23112B1369FA00A6FD56 /* MyPageViewController.swift in Sources */ = {isa = PBXBuildFile; fileRef = 48DA23102B1369FA00A6FD56 /* MyPageViewController.swift */; };
		48DA23152B136A2600A6FD56 /* MyPageView.swift in Sources */ = {isa = PBXBuildFile; fileRef = 48DA23142B136A2600A6FD56 /* MyPageView.swift */; };
		48DA23172B136AC800A6FD56 /* TabBarController.swift in Sources */ = {isa = PBXBuildFile; fileRef = 48DA23162B136AC800A6FD56 /* TabBarController.swift */; };
		48DA231A2B1370A300A6FD56 /* BoardViewController.swift in Sources */ = {isa = PBXBuildFile; fileRef = 48DA23192B1370A300A6FD56 /* BoardViewController.swift */; };
		48DA231C2B1370B800A6FD56 /* BoardView.swift in Sources */ = {isa = PBXBuildFile; fileRef = 48DA231B2B1370B800A6FD56 /* BoardView.swift */; };
		48DA232F2B1496B400A6FD56 /* PostView.swift in Sources */ = {isa = PBXBuildFile; fileRef = 48DA232E2B1496B400A6FD56 /* PostView.swift */; };
		48DA23312B14992100A6FD56 /* PostViewController.swift in Sources */ = {isa = PBXBuildFile; fileRef = 48DA23302B14992100A6FD56 /* PostViewController.swift */; };
		48DA23332B14A16900A6FD56 /* PostViewModel.swift in Sources */ = {isa = PBXBuildFile; fileRef = 48DA23322B14A16900A6FD56 /* PostViewModel.swift */; };
		48F8B2302B15BFAC0096A108 /* BoardViewModel.swift in Sources */ = {isa = PBXBuildFile; fileRef = 48F8B22F2B15BFAC0096A108 /* BoardViewModel.swift */; };
		48F8B24D2B174A140096A108 /* BoardTableViewCell.swift in Sources */ = {isa = PBXBuildFile; fileRef = 48F8B24C2B174A140096A108 /* BoardTableViewCell.swift */; };
		48F8B27B2B1863090096A108 /* MyPageViewModel.swift in Sources */ = {isa = PBXBuildFile; fileRef = 48F8B27A2B1863090096A108 /* MyPageViewModel.swift */; };
		48F8B27D2B186B440096A108 /* BaseViewModel.swift in Sources */ = {isa = PBXBuildFile; fileRef = 48F8B27C2B186B440096A108 /* BaseViewModel.swift */; };
		48F8B2BC2B1E2A1C0096A108 /* Kingfisher in Frameworks */ = {isa = PBXBuildFile; productRef = 48F8B2BB2B1E2A1C0096A108 /* Kingfisher */; };
		48F99E072B21777100E06083 /* PostCollectionViewCell.swift in Sources */ = {isa = PBXBuildFile; fileRef = 48F99E062B21777100E06083 /* PostCollectionViewCell.swift */; };
/* End PBXBuildFile section */

/* Begin PBXContainerItemProxy section */
		4849B3232B035FBD00CBE244 /* PBXContainerItemProxy */ = {
			isa = PBXContainerItemProxy;
			containerPortal = 4849B3042B035FB800CBE244 /* Project object */;
			proxyType = 1;
			remoteGlobalIDString = 4849B30B2B035FB800CBE244;
			remoteInfo = CommunityProject;
		};
		4849B32D2B035FBD00CBE244 /* PBXContainerItemProxy */ = {
			isa = PBXContainerItemProxy;
			containerPortal = 4849B3042B035FB800CBE244 /* Project object */;
			proxyType = 1;
			remoteGlobalIDString = 4849B30B2B035FB800CBE244;
			remoteInfo = CommunityProject;
		};
/* End PBXContainerItemProxy section */

/* Begin PBXFileReference section */
		4849B30C2B035FB800CBE244 /* CommunityProject.app */ = {isa = PBXFileReference; explicitFileType = wrapper.application; includeInIndex = 0; path = CommunityProject.app; sourceTree = BUILT_PRODUCTS_DIR; };
		4849B30F2B035FB800CBE244 /* AppDelegate.swift */ = {isa = PBXFileReference; lastKnownFileType = sourcecode.swift; path = AppDelegate.swift; sourceTree = "<group>"; };
		4849B3112B035FB800CBE244 /* SceneDelegate.swift */ = {isa = PBXFileReference; lastKnownFileType = sourcecode.swift; path = SceneDelegate.swift; sourceTree = "<group>"; };
		4849B3162B035FB800CBE244 /* Base */ = {isa = PBXFileReference; lastKnownFileType = file.storyboard; name = Base; path = Base.lproj/Main.storyboard; sourceTree = "<group>"; };
		4849B3182B035FBD00CBE244 /* Assets.xcassets */ = {isa = PBXFileReference; lastKnownFileType = folder.assetcatalog; path = Assets.xcassets; sourceTree = "<group>"; };
		4849B31B2B035FBD00CBE244 /* Base */ = {isa = PBXFileReference; lastKnownFileType = file.storyboard; name = Base; path = Base.lproj/LaunchScreen.storyboard; sourceTree = "<group>"; };
		4849B31D2B035FBD00CBE244 /* Info.plist */ = {isa = PBXFileReference; lastKnownFileType = text.plist.xml; path = Info.plist; sourceTree = "<group>"; };
		4849B3222B035FBD00CBE244 /* CommunityProjectTests.xctest */ = {isa = PBXFileReference; explicitFileType = wrapper.cfbundle; includeInIndex = 0; path = CommunityProjectTests.xctest; sourceTree = BUILT_PRODUCTS_DIR; };
		4849B3262B035FBD00CBE244 /* CommunityProjectTests.swift */ = {isa = PBXFileReference; lastKnownFileType = sourcecode.swift; path = CommunityProjectTests.swift; sourceTree = "<group>"; };
		4849B32C2B035FBD00CBE244 /* CommunityProjectUITests.xctest */ = {isa = PBXFileReference; explicitFileType = wrapper.cfbundle; includeInIndex = 0; path = CommunityProjectUITests.xctest; sourceTree = BUILT_PRODUCTS_DIR; };
		4849B3302B035FBD00CBE244 /* CommunityProjectUITests.swift */ = {isa = PBXFileReference; lastKnownFileType = sourcecode.swift; path = CommunityProjectUITests.swift; sourceTree = "<group>"; };
		4849B3322B035FBD00CBE244 /* CommunityProjectUITestsLaunchTests.swift */ = {isa = PBXFileReference; lastKnownFileType = sourcecode.swift; path = CommunityProjectUITestsLaunchTests.swift; sourceTree = "<group>"; };
		4849B33F2B0360B600CBE244 /* LoginViewController.swift */ = {isa = PBXFileReference; lastKnownFileType = sourcecode.swift; path = LoginViewController.swift; sourceTree = "<group>"; };
		4849B3422B0362A900CBE244 /* LoginView.swift */ = {isa = PBXFileReference; lastKnownFileType = sourcecode.swift; path = LoginView.swift; sourceTree = "<group>"; };
		4849B3572B08547800CBE244 /* BaseView.swift */ = {isa = PBXFileReference; lastKnownFileType = sourcecode.swift; path = BaseView.swift; sourceTree = "<group>"; };
		4849B35D2B085B3C00CBE244 /* SignUpView.swift */ = {isa = PBXFileReference; lastKnownFileType = sourcecode.swift; path = SignUpView.swift; sourceTree = "<group>"; };
		4849B35F2B08645000CBE244 /* SignUpViewController.swift */ = {isa = PBXFileReference; lastKnownFileType = sourcecode.swift; path = SignUpViewController.swift; sourceTree = "<group>"; };
		4849B3612B0A0A6800CBE244 /* SignUpViewModel.swift */ = {isa = PBXFileReference; lastKnownFileType = sourcecode.swift; path = SignUpViewModel.swift; sourceTree = "<group>"; };
		48C045902B299F7700C1139A /* EditProfileViewController.swift */ = {isa = PBXFileReference; lastKnownFileType = sourcecode.swift; path = EditProfileViewController.swift; sourceTree = "<group>"; };
		48C045922B299F9E00C1139A /* EditProfileView.swift */ = {isa = PBXFileReference; lastKnownFileType = sourcecode.swift; path = EditProfileView.swift; sourceTree = "<group>"; };
		48C045942B299FA900C1139A /* EditProfileViewModel.swift */ = {isa = PBXFileReference; lastKnownFileType = sourcecode.swift; path = EditProfileViewModel.swift; sourceTree = "<group>"; };
		48C045982B29A53C00C1139A /* SettingViewController.swift */ = {isa = PBXFileReference; lastKnownFileType = sourcecode.swift; path = SettingViewController.swift; sourceTree = "<group>"; };
		48C0459A2B29A54200C1139A /* SettingView.swift */ = {isa = PBXFileReference; lastKnownFileType = sourcecode.swift; path = SettingView.swift; sourceTree = "<group>"; };
		48C0459C2B29A54800C1139A /* SettingViewModel.swift */ = {isa = PBXFileReference; lastKnownFileType = sourcecode.swift; path = SettingViewModel.swift; sourceTree = "<group>"; };
		48DA22AC2B0E50A400A6FD56 /* .gitignore */ = {isa = PBXFileReference; lastKnownFileType = text; path = .gitignore; sourceTree = "<group>"; };
		48DA22B02B0E522F00A6FD56 /* APIkey.swift */ = {isa = PBXFileReference; lastKnownFileType = sourcecode.swift; path = APIkey.swift; sourceTree = "<group>"; };
		48DA22B22B0E533900A6FD56 /* APIModel.swift */ = {isa = PBXFileReference; lastKnownFileType = sourcecode.swift; path = APIModel.swift; sourceTree = "<group>"; };
		48DA23032B0F389E00A6FD56 /* API.swift */ = {isa = PBXFileReference; lastKnownFileType = sourcecode.swift; path = API.swift; sourceTree = "<group>"; };
		48DA230D2B10406C00A6FD56 /* LoginViewModel.swift */ = {isa = PBXFileReference; lastKnownFileType = sourcecode.swift; path = LoginViewModel.swift; sourceTree = "<group>"; };
		48DA23102B1369FA00A6FD56 /* MyPageViewController.swift */ = {isa = PBXFileReference; lastKnownFileType = sourcecode.swift; path = MyPageViewController.swift; sourceTree = "<group>"; };
		48DA23142B136A2600A6FD56 /* MyPageView.swift */ = {isa = PBXFileReference; lastKnownFileType = sourcecode.swift; path = MyPageView.swift; sourceTree = "<group>"; };
		48DA23162B136AC800A6FD56 /* TabBarController.swift */ = {isa = PBXFileReference; lastKnownFileType = sourcecode.swift; path = TabBarController.swift; sourceTree = "<group>"; };
		48DA23192B1370A300A6FD56 /* BoardViewController.swift */ = {isa = PBXFileReference; lastKnownFileType = sourcecode.swift; path = BoardViewController.swift; sourceTree = "<group>"; };
		48DA231B2B1370B800A6FD56 /* BoardView.swift */ = {isa = PBXFileReference; lastKnownFileType = sourcecode.swift; path = BoardView.swift; sourceTree = "<group>"; };
		48DA232E2B1496B400A6FD56 /* PostView.swift */ = {isa = PBXFileReference; lastKnownFileType = sourcecode.swift; path = PostView.swift; sourceTree = "<group>"; };
		48DA23302B14992100A6FD56 /* PostViewController.swift */ = {isa = PBXFileReference; lastKnownFileType = sourcecode.swift; path = PostViewController.swift; sourceTree = "<group>"; };
		48DA23322B14A16900A6FD56 /* PostViewModel.swift */ = {isa = PBXFileReference; lastKnownFileType = sourcecode.swift; path = PostViewModel.swift; sourceTree = "<group>"; };
		48F8B22F2B15BFAC0096A108 /* BoardViewModel.swift */ = {isa = PBXFileReference; lastKnownFileType = sourcecode.swift; path = BoardViewModel.swift; sourceTree = "<group>"; };
		48F8B24C2B174A140096A108 /* BoardTableViewCell.swift */ = {isa = PBXFileReference; lastKnownFileType = sourcecode.swift; path = BoardTableViewCell.swift; sourceTree = "<group>"; };
		48F8B27A2B1863090096A108 /* MyPageViewModel.swift */ = {isa = PBXFileReference; lastKnownFileType = sourcecode.swift; path = MyPageViewModel.swift; sourceTree = "<group>"; };
		48F8B27C2B186B440096A108 /* BaseViewModel.swift */ = {isa = PBXFileReference; lastKnownFileType = sourcecode.swift; path = BaseViewModel.swift; sourceTree = "<group>"; };
		48F99E062B21777100E06083 /* PostCollectionViewCell.swift */ = {isa = PBXFileReference; lastKnownFileType = sourcecode.swift; path = PostCollectionViewCell.swift; sourceTree = "<group>"; };
/* End PBXFileReference section */

/* Begin PBXFrameworksBuildPhase section */
		4849B3092B035FB800CBE244 /* Frameworks */ = {
			isa = PBXFrameworksBuildPhase;
			buildActionMask = 2147483647;
			files = (
				48F8B2BC2B1E2A1C0096A108 /* Kingfisher in Frameworks */,
				4849B3672B0A0DC800CBE244 /* RxRelay in Frameworks */,
				48DA23022B0F384600A6FD56 /* Moya in Frameworks */,
				4849B3652B0A0DC800CBE244 /* RxCocoa in Frameworks */,
				4849B3692B0A0DC800CBE244 /* RxSwift in Frameworks */,
				4849B35B2B08551200CBE244 /* SnapKit in Frameworks */,
			);
			runOnlyForDeploymentPostprocessing = 0;
		};
		4849B31F2B035FBD00CBE244 /* Frameworks */ = {
			isa = PBXFrameworksBuildPhase;
			buildActionMask = 2147483647;
			files = (
			);
			runOnlyForDeploymentPostprocessing = 0;
		};
		4849B3292B035FBD00CBE244 /* Frameworks */ = {
			isa = PBXFrameworksBuildPhase;
			buildActionMask = 2147483647;
			files = (
			);
			runOnlyForDeploymentPostprocessing = 0;
		};
/* End PBXFrameworksBuildPhase section */

/* Begin PBXGroup section */
		4849B3032B035FB800CBE244 = {
			isa = PBXGroup;
			children = (
				4849B30E2B035FB800CBE244 /* CommunityProject */,
				4849B3252B035FBD00CBE244 /* CommunityProjectTests */,
				4849B32F2B035FBD00CBE244 /* CommunityProjectUITests */,
				4849B30D2B035FB800CBE244 /* Products */,
			);
			sourceTree = "<group>";
		};
		4849B30D2B035FB800CBE244 /* Products */ = {
			isa = PBXGroup;
			children = (
				4849B30C2B035FB800CBE244 /* CommunityProject.app */,
				4849B3222B035FBD00CBE244 /* CommunityProjectTests.xctest */,
				4849B32C2B035FBD00CBE244 /* CommunityProjectUITests.xctest */,
			);
			name = Products;
			sourceTree = "<group>";
		};
		4849B30E2B035FB800CBE244 /* CommunityProject */ = {
			isa = PBXGroup;
			children = (
				48DA232D2B1496AA00A6FD56 /* Post */,
				48DA23182B13709700A6FD56 /* Board */,
				48DA230F2B1369B800A6FD56 /* MyPage */,
				48DA22B42B0E533D00A6FD56 /* Network */,
				4849B35C2B08595900CBE244 /* Join */,
				4849B3562B08546E00CBE244 /* Base */,
				4849B3412B0360E000CBE244 /* Login */,
				4849B30F2B035FB800CBE244 /* AppDelegate.swift */,
				4849B3112B035FB800CBE244 /* SceneDelegate.swift */,
				4849B3152B035FB800CBE244 /* Main.storyboard */,
				4849B3182B035FBD00CBE244 /* Assets.xcassets */,
				4849B31A2B035FBD00CBE244 /* LaunchScreen.storyboard */,
				4849B31D2B035FBD00CBE244 /* Info.plist */,
				48DA22AC2B0E50A400A6FD56 /* .gitignore */,
			);
			path = CommunityProject;
			sourceTree = "<group>";
		};
		4849B3252B035FBD00CBE244 /* CommunityProjectTests */ = {
			isa = PBXGroup;
			children = (
				4849B3262B035FBD00CBE244 /* CommunityProjectTests.swift */,
			);
			path = CommunityProjectTests;
			sourceTree = "<group>";
		};
		4849B32F2B035FBD00CBE244 /* CommunityProjectUITests */ = {
			isa = PBXGroup;
			children = (
				4849B3302B035FBD00CBE244 /* CommunityProjectUITests.swift */,
				4849B3322B035FBD00CBE244 /* CommunityProjectUITestsLaunchTests.swift */,
			);
			path = CommunityProjectUITests;
			sourceTree = "<group>";
		};
		4849B3412B0360E000CBE244 /* Login */ = {
			isa = PBXGroup;
			children = (
				4849B33F2B0360B600CBE244 /* LoginViewController.swift */,
				4849B3422B0362A900CBE244 /* LoginView.swift */,
				48DA230D2B10406C00A6FD56 /* LoginViewModel.swift */,
			);
			path = Login;
			sourceTree = "<group>";
		};
		4849B3562B08546E00CBE244 /* Base */ = {
			isa = PBXGroup;
			children = (
				4849B3572B08547800CBE244 /* BaseView.swift */,
				48DA23162B136AC800A6FD56 /* TabBarController.swift */,
				48F8B27C2B186B440096A108 /* BaseViewModel.swift */,
			);
			path = Base;
			sourceTree = "<group>";
		};
		4849B35C2B08595900CBE244 /* Join */ = {
			isa = PBXGroup;
			children = (
				4849B35D2B085B3C00CBE244 /* SignUpView.swift */,
				4849B35F2B08645000CBE244 /* SignUpViewController.swift */,
				4849B3612B0A0A6800CBE244 /* SignUpViewModel.swift */,
			);
			path = Join;
			sourceTree = "<group>";
		};
		48DA22B42B0E533D00A6FD56 /* Network */ = {
			isa = PBXGroup;
			children = (
				48DA22B02B0E522F00A6FD56 /* APIkey.swift */,
				48DA22B22B0E533900A6FD56 /* APIModel.swift */,
				48DA23032B0F389E00A6FD56 /* API.swift */,
			);
			path = Network;
			sourceTree = "<group>";
		};
		48DA230F2B1369B800A6FD56 /* MyPage */ = {
			isa = PBXGroup;
			children = (
				48DA23102B1369FA00A6FD56 /* MyPageViewController.swift */,
				48DA23142B136A2600A6FD56 /* MyPageView.swift */,
				48F8B27A2B1863090096A108 /* MyPageViewModel.swift */,
				48C045902B299F7700C1139A /* EditProfileViewController.swift */,
				48C045922B299F9E00C1139A /* EditProfileView.swift */,
				48C045942B299FA900C1139A /* EditProfileViewModel.swift */,
				48C045982B29A53C00C1139A /* SettingViewController.swift */,
				48C0459A2B29A54200C1139A /* SettingView.swift */,
				48C0459C2B29A54800C1139A /* SettingViewModel.swift */,
			);
			path = MyPage;
			sourceTree = "<group>";
		};
		48DA23182B13709700A6FD56 /* Board */ = {
			isa = PBXGroup;
			children = (
				48DA23192B1370A300A6FD56 /* BoardViewController.swift */,
				48DA231B2B1370B800A6FD56 /* BoardView.swift */,
				48F8B22F2B15BFAC0096A108 /* BoardViewModel.swift */,
				48F8B24C2B174A140096A108 /* BoardTableViewCell.swift */,
			);
			path = Board;
			sourceTree = "<group>";
		};
		48DA232D2B1496AA00A6FD56 /* Post */ = {
			isa = PBXGroup;
			children = (
				48DA23302B14992100A6FD56 /* PostViewController.swift */,
				48DA232E2B1496B400A6FD56 /* PostView.swift */,
				48DA23322B14A16900A6FD56 /* PostViewModel.swift */,
				48F99E062B21777100E06083 /* PostCollectionViewCell.swift */,
			);
			path = Post;
			sourceTree = "<group>";
		};
/* End PBXGroup section */

/* Begin PBXNativeTarget section */
		4849B30B2B035FB800CBE244 /* CommunityProject */ = {
			isa = PBXNativeTarget;
			buildConfigurationList = 4849B3362B035FBD00CBE244 /* Build configuration list for PBXNativeTarget "CommunityProject" */;
			buildPhases = (
				4849B3082B035FB800CBE244 /* Sources */,
				4849B3092B035FB800CBE244 /* Frameworks */,
				4849B30A2B035FB800CBE244 /* Resources */,
			);
			buildRules = (
			);
			dependencies = (
			);
			name = CommunityProject;
			packageProductDependencies = (
				4849B35A2B08551200CBE244 /* SnapKit */,
				4849B3642B0A0DC800CBE244 /* RxCocoa */,
				4849B3662B0A0DC800CBE244 /* RxRelay */,
				4849B3682B0A0DC800CBE244 /* RxSwift */,
				48DA23012B0F384600A6FD56 /* Moya */,
				48F8B2BB2B1E2A1C0096A108 /* Kingfisher */,
			);
			productName = CommunityProject;
			productReference = 4849B30C2B035FB800CBE244 /* CommunityProject.app */;
			productType = "com.apple.product-type.application";
		};
		4849B3212B035FBD00CBE244 /* CommunityProjectTests */ = {
			isa = PBXNativeTarget;
			buildConfigurationList = 4849B3392B035FBD00CBE244 /* Build configuration list for PBXNativeTarget "CommunityProjectTests" */;
			buildPhases = (
				4849B31E2B035FBD00CBE244 /* Sources */,
				4849B31F2B035FBD00CBE244 /* Frameworks */,
				4849B3202B035FBD00CBE244 /* Resources */,
			);
			buildRules = (
			);
			dependencies = (
				4849B3242B035FBD00CBE244 /* PBXTargetDependency */,
			);
			name = CommunityProjectTests;
			productName = CommunityProjectTests;
			productReference = 4849B3222B035FBD00CBE244 /* CommunityProjectTests.xctest */;
			productType = "com.apple.product-type.bundle.unit-test";
		};
		4849B32B2B035FBD00CBE244 /* CommunityProjectUITests */ = {
			isa = PBXNativeTarget;
			buildConfigurationList = 4849B33C2B035FBD00CBE244 /* Build configuration list for PBXNativeTarget "CommunityProjectUITests" */;
			buildPhases = (
				4849B3282B035FBD00CBE244 /* Sources */,
				4849B3292B035FBD00CBE244 /* Frameworks */,
				4849B32A2B035FBD00CBE244 /* Resources */,
			);
			buildRules = (
			);
			dependencies = (
				4849B32E2B035FBD00CBE244 /* PBXTargetDependency */,
			);
			name = CommunityProjectUITests;
			productName = CommunityProjectUITests;
			productReference = 4849B32C2B035FBD00CBE244 /* CommunityProjectUITests.xctest */;
			productType = "com.apple.product-type.bundle.ui-testing";
		};
/* End PBXNativeTarget section */

/* Begin PBXProject section */
		4849B3042B035FB800CBE244 /* Project object */ = {
			isa = PBXProject;
			attributes = {
				BuildIndependentTargetsInParallel = 1;
				LastSwiftUpdateCheck = 1500;
				LastUpgradeCheck = 1500;
				TargetAttributes = {
					4849B30B2B035FB800CBE244 = {
						CreatedOnToolsVersion = 15.0;
					};
					4849B3212B035FBD00CBE244 = {
						CreatedOnToolsVersion = 15.0;
						TestTargetID = 4849B30B2B035FB800CBE244;
					};
					4849B32B2B035FBD00CBE244 = {
						CreatedOnToolsVersion = 15.0;
						TestTargetID = 4849B30B2B035FB800CBE244;
					};
				};
			};
			buildConfigurationList = 4849B3072B035FB800CBE244 /* Build configuration list for PBXProject "CommunityProject" */;
			compatibilityVersion = "Xcode 14.0";
			developmentRegion = en;
			hasScannedForEncodings = 0;
			knownRegions = (
				en,
				Base,
			);
			mainGroup = 4849B3032B035FB800CBE244;
			packageReferences = (
				4849B3592B08551200CBE244 /* XCRemoteSwiftPackageReference "SnapKit" */,
				4849B3632B0A0DC800CBE244 /* XCRemoteSwiftPackageReference "RxSwift" */,
				48DA23002B0F384600A6FD56 /* XCRemoteSwiftPackageReference "Moya" */,
				48F8B2BA2B1E2A1C0096A108 /* XCRemoteSwiftPackageReference "Kingfisher" */,
			);
			productRefGroup = 4849B30D2B035FB800CBE244 /* Products */;
			projectDirPath = "";
			projectRoot = "";
			targets = (
				4849B30B2B035FB800CBE244 /* CommunityProject */,
				4849B3212B035FBD00CBE244 /* CommunityProjectTests */,
				4849B32B2B035FBD00CBE244 /* CommunityProjectUITests */,
			);
		};
/* End PBXProject section */

/* Begin PBXResourcesBuildPhase section */
		4849B30A2B035FB800CBE244 /* Resources */ = {
			isa = PBXResourcesBuildPhase;
			buildActionMask = 2147483647;
			files = (
				48DA22AD2B0E50A400A6FD56 /* .gitignore in Resources */,
				4849B31C2B035FBD00CBE244 /* LaunchScreen.storyboard in Resources */,
				4849B3192B035FBD00CBE244 /* Assets.xcassets in Resources */,
				4849B3172B035FB800CBE244 /* Main.storyboard in Resources */,
			);
			runOnlyForDeploymentPostprocessing = 0;
		};
		4849B3202B035FBD00CBE244 /* Resources */ = {
			isa = PBXResourcesBuildPhase;
			buildActionMask = 2147483647;
			files = (
			);
			runOnlyForDeploymentPostprocessing = 0;
		};
		4849B32A2B035FBD00CBE244 /* Resources */ = {
			isa = PBXResourcesBuildPhase;
			buildActionMask = 2147483647;
			files = (
			);
			runOnlyForDeploymentPostprocessing = 0;
		};
/* End PBXResourcesBuildPhase section */

/* Begin PBXSourcesBuildPhase section */
		4849B3082B035FB800CBE244 /* Sources */ = {
			isa = PBXSourcesBuildPhase;
			buildActionMask = 2147483647;
			files = (
				48C045992B29A53C00C1139A /* SettingViewController.swift in Sources */,
				48C0459D2B29A54800C1139A /* SettingViewModel.swift in Sources */,
				48C045912B299F7700C1139A /* EditProfileViewController.swift in Sources */,
				48F8B24D2B174A140096A108 /* BoardTableViewCell.swift in Sources */,
				48DA23332B14A16900A6FD56 /* PostViewModel.swift in Sources */,
				48DA23042B0F389E00A6FD56 /* API.swift in Sources */,
				48C045952B299FA900C1139A /* EditProfileViewModel.swift in Sources */,
				4849B3402B0360B600CBE244 /* LoginViewController.swift in Sources */,
				48DA22B12B0E522F00A6FD56 /* APIkey.swift in Sources */,
				48F8B27D2B186B440096A108 /* BaseViewModel.swift in Sources */,
				48DA23172B136AC800A6FD56 /* TabBarController.swift in Sources */,
				4849B3602B08645000CBE244 /* SignUpViewController.swift in Sources */,
				48C045932B299F9E00C1139A /* EditProfileView.swift in Sources */,
				48DA231C2B1370B800A6FD56 /* BoardView.swift in Sources */,
				48F8B27B2B1863090096A108 /* MyPageViewModel.swift in Sources */,
				4849B3622B0A0A6800CBE244 /* SignUpViewModel.swift in Sources */,
				48DA22B32B0E533900A6FD56 /* APIModel.swift in Sources */,
				4849B3102B035FB800CBE244 /* AppDelegate.swift in Sources */,
				48DA23152B136A2600A6FD56 /* MyPageView.swift in Sources */,
				48DA23112B1369FA00A6FD56 /* MyPageViewController.swift in Sources */,
				4849B3582B08547800CBE244 /* BaseView.swift in Sources */,
				48DA23312B14992100A6FD56 /* PostViewController.swift in Sources */,
				48C0459B2B29A54200C1139A /* SettingView.swift in Sources */,
				48DA231A2B1370A300A6FD56 /* BoardViewController.swift in Sources */,
				48DA230E2B10406C00A6FD56 /* LoginViewModel.swift in Sources */,
				4849B3432B0362A900CBE244 /* LoginView.swift in Sources */,
				48F99E072B21777100E06083 /* PostCollectionViewCell.swift in Sources */,
				4849B35E2B085B3C00CBE244 /* SignUpView.swift in Sources */,
				48DA232F2B1496B400A6FD56 /* PostView.swift in Sources */,
				4849B3122B035FB800CBE244 /* SceneDelegate.swift in Sources */,
				48F8B2302B15BFAC0096A108 /* BoardViewModel.swift in Sources */,
			);
			runOnlyForDeploymentPostprocessing = 0;
		};
		4849B31E2B035FBD00CBE244 /* Sources */ = {
			isa = PBXSourcesBuildPhase;
			buildActionMask = 2147483647;
			files = (
				4849B3272B035FBD00CBE244 /* CommunityProjectTests.swift in Sources */,
			);
			runOnlyForDeploymentPostprocessing = 0;
		};
		4849B3282B035FBD00CBE244 /* Sources */ = {
			isa = PBXSourcesBuildPhase;
			buildActionMask = 2147483647;
			files = (
				4849B3332B035FBD00CBE244 /* CommunityProjectUITestsLaunchTests.swift in Sources */,
				4849B3312B035FBD00CBE244 /* CommunityProjectUITests.swift in Sources */,
			);
			runOnlyForDeploymentPostprocessing = 0;
		};
/* End PBXSourcesBuildPhase section */

/* Begin PBXTargetDependency section */
		4849B3242B035FBD00CBE244 /* PBXTargetDependency */ = {
			isa = PBXTargetDependency;
			target = 4849B30B2B035FB800CBE244 /* CommunityProject */;
			targetProxy = 4849B3232B035FBD00CBE244 /* PBXContainerItemProxy */;
		};
		4849B32E2B035FBD00CBE244 /* PBXTargetDependency */ = {
			isa = PBXTargetDependency;
			target = 4849B30B2B035FB800CBE244 /* CommunityProject */;
			targetProxy = 4849B32D2B035FBD00CBE244 /* PBXContainerItemProxy */;
		};
/* End PBXTargetDependency section */

/* Begin PBXVariantGroup section */
		4849B3152B035FB800CBE244 /* Main.storyboard */ = {
			isa = PBXVariantGroup;
			children = (
				4849B3162B035FB800CBE244 /* Base */,
			);
			name = Main.storyboard;
			sourceTree = "<group>";
		};
		4849B31A2B035FBD00CBE244 /* LaunchScreen.storyboard */ = {
			isa = PBXVariantGroup;
			children = (
				4849B31B2B035FBD00CBE244 /* Base */,
			);
			name = LaunchScreen.storyboard;
			sourceTree = "<group>";
		};
/* End PBXVariantGroup section */

/* Begin XCBuildConfiguration section */
		4849B3342B035FBD00CBE244 /* Debug */ = {
			isa = XCBuildConfiguration;
			buildSettings = {
				ALWAYS_SEARCH_USER_PATHS = NO;
				ASSETCATALOG_COMPILER_GENERATE_SWIFT_ASSET_SYMBOL_EXTENSIONS = YES;
				CLANG_ANALYZER_NONNULL = YES;
				CLANG_ANALYZER_NUMBER_OBJECT_CONVERSION = YES_AGGRESSIVE;
				CLANG_CXX_LANGUAGE_STANDARD = "gnu++20";
				CLANG_ENABLE_MODULES = YES;
				CLANG_ENABLE_OBJC_ARC = YES;
				CLANG_ENABLE_OBJC_WEAK = YES;
				CLANG_WARN_BLOCK_CAPTURE_AUTORELEASING = YES;
				CLANG_WARN_BOOL_CONVERSION = YES;
				CLANG_WARN_COMMA = YES;
				CLANG_WARN_CONSTANT_CONVERSION = YES;
				CLANG_WARN_DEPRECATED_OBJC_IMPLEMENTATIONS = YES;
				CLANG_WARN_DIRECT_OBJC_ISA_USAGE = YES_ERROR;
				CLANG_WARN_DOCUMENTATION_COMMENTS = YES;
				CLANG_WARN_EMPTY_BODY = YES;
				CLANG_WARN_ENUM_CONVERSION = YES;
				CLANG_WARN_INFINITE_RECURSION = YES;
				CLANG_WARN_INT_CONVERSION = YES;
				CLANG_WARN_NON_LITERAL_NULL_CONVERSION = YES;
				CLANG_WARN_OBJC_IMPLICIT_RETAIN_SELF = YES;
				CLANG_WARN_OBJC_LITERAL_CONVERSION = YES;
				CLANG_WARN_OBJC_ROOT_CLASS = YES_ERROR;
				CLANG_WARN_QUOTED_INCLUDE_IN_FRAMEWORK_HEADER = YES;
				CLANG_WARN_RANGE_LOOP_ANALYSIS = YES;
				CLANG_WARN_STRICT_PROTOTYPES = YES;
				CLANG_WARN_SUSPICIOUS_MOVE = YES;
				CLANG_WARN_UNGUARDED_AVAILABILITY = YES_AGGRESSIVE;
				CLANG_WARN_UNREACHABLE_CODE = YES;
				CLANG_WARN__DUPLICATE_METHOD_MATCH = YES;
				COPY_PHASE_STRIP = NO;
				DEBUG_INFORMATION_FORMAT = dwarf;
				ENABLE_STRICT_OBJC_MSGSEND = YES;
				ENABLE_TESTABILITY = YES;
				ENABLE_USER_SCRIPT_SANDBOXING = YES;
				GCC_C_LANGUAGE_STANDARD = gnu17;
				GCC_DYNAMIC_NO_PIC = NO;
				GCC_NO_COMMON_BLOCKS = YES;
				GCC_OPTIMIZATION_LEVEL = 0;
				GCC_PREPROCESSOR_DEFINITIONS = (
					"DEBUG=1",
					"$(inherited)",
				);
				GCC_WARN_64_TO_32_BIT_CONVERSION = YES;
				GCC_WARN_ABOUT_RETURN_TYPE = YES_ERROR;
				GCC_WARN_UNDECLARED_SELECTOR = YES;
				GCC_WARN_UNINITIALIZED_AUTOS = YES_AGGRESSIVE;
				GCC_WARN_UNUSED_FUNCTION = YES;
				GCC_WARN_UNUSED_VARIABLE = YES;
				IPHONEOS_DEPLOYMENT_TARGET = 17.0;
				LOCALIZATION_PREFERS_STRING_CATALOGS = YES;
				MTL_ENABLE_DEBUG_INFO = INCLUDE_SOURCE;
				MTL_FAST_MATH = YES;
				ONLY_ACTIVE_ARCH = YES;
				SDKROOT = iphoneos;
				SWIFT_ACTIVE_COMPILATION_CONDITIONS = "DEBUG $(inherited)";
				SWIFT_OPTIMIZATION_LEVEL = "-Onone";
			};
			name = Debug;
		};
		4849B3352B035FBD00CBE244 /* Release */ = {
			isa = XCBuildConfiguration;
			buildSettings = {
				ALWAYS_SEARCH_USER_PATHS = NO;
				ASSETCATALOG_COMPILER_GENERATE_SWIFT_ASSET_SYMBOL_EXTENSIONS = YES;
				CLANG_ANALYZER_NONNULL = YES;
				CLANG_ANALYZER_NUMBER_OBJECT_CONVERSION = YES_AGGRESSIVE;
				CLANG_CXX_LANGUAGE_STANDARD = "gnu++20";
				CLANG_ENABLE_MODULES = YES;
				CLANG_ENABLE_OBJC_ARC = YES;
				CLANG_ENABLE_OBJC_WEAK = YES;
				CLANG_WARN_BLOCK_CAPTURE_AUTORELEASING = YES;
				CLANG_WARN_BOOL_CONVERSION = YES;
				CLANG_WARN_COMMA = YES;
				CLANG_WARN_CONSTANT_CONVERSION = YES;
				CLANG_WARN_DEPRECATED_OBJC_IMPLEMENTATIONS = YES;
				CLANG_WARN_DIRECT_OBJC_ISA_USAGE = YES_ERROR;
				CLANG_WARN_DOCUMENTATION_COMMENTS = YES;
				CLANG_WARN_EMPTY_BODY = YES;
				CLANG_WARN_ENUM_CONVERSION = YES;
				CLANG_WARN_INFINITE_RECURSION = YES;
				CLANG_WARN_INT_CONVERSION = YES;
				CLANG_WARN_NON_LITERAL_NULL_CONVERSION = YES;
				CLANG_WARN_OBJC_IMPLICIT_RETAIN_SELF = YES;
				CLANG_WARN_OBJC_LITERAL_CONVERSION = YES;
				CLANG_WARN_OBJC_ROOT_CLASS = YES_ERROR;
				CLANG_WARN_QUOTED_INCLUDE_IN_FRAMEWORK_HEADER = YES;
				CLANG_WARN_RANGE_LOOP_ANALYSIS = YES;
				CLANG_WARN_STRICT_PROTOTYPES = YES;
				CLANG_WARN_SUSPICIOUS_MOVE = YES;
				CLANG_WARN_UNGUARDED_AVAILABILITY = YES_AGGRESSIVE;
				CLANG_WARN_UNREACHABLE_CODE = YES;
				CLANG_WARN__DUPLICATE_METHOD_MATCH = YES;
				COPY_PHASE_STRIP = NO;
				DEBUG_INFORMATION_FORMAT = "dwarf-with-dsym";
				ENABLE_NS_ASSERTIONS = NO;
				ENABLE_STRICT_OBJC_MSGSEND = YES;
				ENABLE_USER_SCRIPT_SANDBOXING = YES;
				GCC_C_LANGUAGE_STANDARD = gnu17;
				GCC_NO_COMMON_BLOCKS = YES;
				GCC_WARN_64_TO_32_BIT_CONVERSION = YES;
				GCC_WARN_ABOUT_RETURN_TYPE = YES_ERROR;
				GCC_WARN_UNDECLARED_SELECTOR = YES;
				GCC_WARN_UNINITIALIZED_AUTOS = YES_AGGRESSIVE;
				GCC_WARN_UNUSED_FUNCTION = YES;
				GCC_WARN_UNUSED_VARIABLE = YES;
				IPHONEOS_DEPLOYMENT_TARGET = 17.0;
				LOCALIZATION_PREFERS_STRING_CATALOGS = YES;
				MTL_ENABLE_DEBUG_INFO = NO;
				MTL_FAST_MATH = YES;
				SDKROOT = iphoneos;
				SWIFT_COMPILATION_MODE = wholemodule;
				VALIDATE_PRODUCT = YES;
			};
			name = Release;
		};
		4849B3372B035FBD00CBE244 /* Debug */ = {
			isa = XCBuildConfiguration;
			buildSettings = {
				ASSETCATALOG_COMPILER_APPICON_NAME = AppIcon;
				ASSETCATALOG_COMPILER_GLOBAL_ACCENT_COLOR_NAME = AccentColor;
				CODE_SIGN_STYLE = Automatic;
				CURRENT_PROJECT_VERSION = 1;
				DEVELOPMENT_TEAM = A8NKCBCXX2;
				GENERATE_INFOPLIST_FILE = YES;
				INFOPLIST_FILE = CommunityProject/Info.plist;
				INFOPLIST_KEY_UIApplicationSupportsIndirectInputEvents = YES;
				INFOPLIST_KEY_UILaunchStoryboardName = LaunchScreen;
				INFOPLIST_KEY_UIMainStoryboardFile = Main;
				INFOPLIST_KEY_UISupportedInterfaceOrientations_iPad = "UIInterfaceOrientationPortrait UIInterfaceOrientationPortraitUpsideDown UIInterfaceOrientationLandscapeLeft UIInterfaceOrientationLandscapeRight";
				INFOPLIST_KEY_UISupportedInterfaceOrientations_iPhone = "UIInterfaceOrientationPortrait UIInterfaceOrientationLandscapeLeft UIInterfaceOrientationLandscapeRight";
				IPHONEOS_DEPLOYMENT_TARGET = 16.0;
				LD_RUNPATH_SEARCH_PATHS = (
					"$(inherited)",
					"@executable_path/Frameworks",
				);
				MARKETING_VERSION = 1.0;
				PRODUCT_BUNDLE_IDENTIFIER = com.marpark.CommunityProject;
				PRODUCT_NAME = "$(TARGET_NAME)";
				SUPPORTED_PLATFORMS = "iphoneos iphonesimulator";
				SUPPORTS_MACCATALYST = NO;
				SUPPORTS_MAC_DESIGNED_FOR_IPHONE_IPAD = NO;
				SWIFT_EMIT_LOC_STRINGS = YES;
				SWIFT_VERSION = 5.0;
				TARGETED_DEVICE_FAMILY = 1;
			};
			name = Debug;
		};
		4849B3382B035FBD00CBE244 /* Release */ = {
			isa = XCBuildConfiguration;
			buildSettings = {
				ASSETCATALOG_COMPILER_APPICON_NAME = AppIcon;
				ASSETCATALOG_COMPILER_GLOBAL_ACCENT_COLOR_NAME = AccentColor;
				CODE_SIGN_STYLE = Automatic;
				CURRENT_PROJECT_VERSION = 1;
				DEVELOPMENT_TEAM = A8NKCBCXX2;
				GENERATE_INFOPLIST_FILE = YES;
				INFOPLIST_FILE = CommunityProject/Info.plist;
				INFOPLIST_KEY_UIApplicationSupportsIndirectInputEvents = YES;
				INFOPLIST_KEY_UILaunchStoryboardName = LaunchScreen;
				INFOPLIST_KEY_UIMainStoryboardFile = Main;
				INFOPLIST_KEY_UISupportedInterfaceOrientations_iPad = "UIInterfaceOrientationPortrait UIInterfaceOrientationPortraitUpsideDown UIInterfaceOrientationLandscapeLeft UIInterfaceOrientationLandscapeRight";
				INFOPLIST_KEY_UISupportedInterfaceOrientations_iPhone = "UIInterfaceOrientationPortrait UIInterfaceOrientationLandscapeLeft UIInterfaceOrientationLandscapeRight";
				IPHONEOS_DEPLOYMENT_TARGET = 16.0;
				LD_RUNPATH_SEARCH_PATHS = (
					"$(inherited)",
					"@executable_path/Frameworks",
				);
				MARKETING_VERSION = 1.0;
				PRODUCT_BUNDLE_IDENTIFIER = com.marpark.CommunityProject;
				PRODUCT_NAME = "$(TARGET_NAME)";
				SUPPORTED_PLATFORMS = "iphoneos iphonesimulator";
				SUPPORTS_MACCATALYST = NO;
				SUPPORTS_MAC_DESIGNED_FOR_IPHONE_IPAD = NO;
				SWIFT_EMIT_LOC_STRINGS = YES;
				SWIFT_VERSION = 5.0;
				TARGETED_DEVICE_FAMILY = 1;
			};
			name = Release;
		};
		4849B33A2B035FBD00CBE244 /* Debug */ = {
			isa = XCBuildConfiguration;
			buildSettings = {
				ALWAYS_EMBED_SWIFT_STANDARD_LIBRARIES = YES;
				BUNDLE_LOADER = "$(TEST_HOST)";
				CODE_SIGN_STYLE = Automatic;
				CURRENT_PROJECT_VERSION = 1;
				DEVELOPMENT_TEAM = A8NKCBCXX2;
				GENERATE_INFOPLIST_FILE = YES;
				IPHONEOS_DEPLOYMENT_TARGET = 17.0;
				MARKETING_VERSION = 1.0;
				PRODUCT_BUNDLE_IDENTIFIER = com.marpark.CommunityProjectTests;
				PRODUCT_NAME = "$(TARGET_NAME)";
				SWIFT_EMIT_LOC_STRINGS = NO;
				SWIFT_VERSION = 5.0;
				TARGETED_DEVICE_FAMILY = "1,2";
				TEST_HOST = "$(BUILT_PRODUCTS_DIR)/CommunityProject.app/$(BUNDLE_EXECUTABLE_FOLDER_PATH)/CommunityProject";
			};
			name = Debug;
		};
		4849B33B2B035FBD00CBE244 /* Release */ = {
			isa = XCBuildConfiguration;
			buildSettings = {
				ALWAYS_EMBED_SWIFT_STANDARD_LIBRARIES = YES;
				BUNDLE_LOADER = "$(TEST_HOST)";
				CODE_SIGN_STYLE = Automatic;
				CURRENT_PROJECT_VERSION = 1;
				DEVELOPMENT_TEAM = A8NKCBCXX2;
				GENERATE_INFOPLIST_FILE = YES;
				IPHONEOS_DEPLOYMENT_TARGET = 17.0;
				MARKETING_VERSION = 1.0;
				PRODUCT_BUNDLE_IDENTIFIER = com.marpark.CommunityProjectTests;
				PRODUCT_NAME = "$(TARGET_NAME)";
				SWIFT_EMIT_LOC_STRINGS = NO;
				SWIFT_VERSION = 5.0;
				TARGETED_DEVICE_FAMILY = "1,2";
				TEST_HOST = "$(BUILT_PRODUCTS_DIR)/CommunityProject.app/$(BUNDLE_EXECUTABLE_FOLDER_PATH)/CommunityProject";
			};
			name = Release;
		};
		4849B33D2B035FBD00CBE244 /* Debug */ = {
			isa = XCBuildConfiguration;
			buildSettings = {
				ALWAYS_EMBED_SWIFT_STANDARD_LIBRARIES = YES;
				CODE_SIGN_STYLE = Automatic;
				CURRENT_PROJECT_VERSION = 1;
				DEVELOPMENT_TEAM = A8NKCBCXX2;
				GENERATE_INFOPLIST_FILE = YES;
				MARKETING_VERSION = 1.0;
				PRODUCT_BUNDLE_IDENTIFIER = com.marpark.CommunityProjectUITests;
				PRODUCT_NAME = "$(TARGET_NAME)";
				SWIFT_EMIT_LOC_STRINGS = NO;
				SWIFT_VERSION = 5.0;
				TARGETED_DEVICE_FAMILY = "1,2";
				TEST_TARGET_NAME = CommunityProject;
			};
			name = Debug;
		};
		4849B33E2B035FBD00CBE244 /* Release */ = {
			isa = XCBuildConfiguration;
			buildSettings = {
				ALWAYS_EMBED_SWIFT_STANDARD_LIBRARIES = YES;
				CODE_SIGN_STYLE = Automatic;
				CURRENT_PROJECT_VERSION = 1;
				DEVELOPMENT_TEAM = A8NKCBCXX2;
				GENERATE_INFOPLIST_FILE = YES;
				MARKETING_VERSION = 1.0;
				PRODUCT_BUNDLE_IDENTIFIER = com.marpark.CommunityProjectUITests;
				PRODUCT_NAME = "$(TARGET_NAME)";
				SWIFT_EMIT_LOC_STRINGS = NO;
				SWIFT_VERSION = 5.0;
				TARGETED_DEVICE_FAMILY = "1,2";
				TEST_TARGET_NAME = CommunityProject;
			};
			name = Release;
		};
/* End XCBuildConfiguration section */

/* Begin XCConfigurationList section */
		4849B3072B035FB800CBE244 /* Build configuration list for PBXProject "CommunityProject" */ = {
			isa = XCConfigurationList;
			buildConfigurations = (
				4849B3342B035FBD00CBE244 /* Debug */,
				4849B3352B035FBD00CBE244 /* Release */,
			);
			defaultConfigurationIsVisible = 0;
			defaultConfigurationName = Release;
		};
		4849B3362B035FBD00CBE244 /* Build configuration list for PBXNativeTarget "CommunityProject" */ = {
			isa = XCConfigurationList;
			buildConfigurations = (
				4849B3372B035FBD00CBE244 /* Debug */,
				4849B3382B035FBD00CBE244 /* Release */,
			);
			defaultConfigurationIsVisible = 0;
			defaultConfigurationName = Release;
		};
		4849B3392B035FBD00CBE244 /* Build configuration list for PBXNativeTarget "CommunityProjectTests" */ = {
			isa = XCConfigurationList;
			buildConfigurations = (
				4849B33A2B035FBD00CBE244 /* Debug */,
				4849B33B2B035FBD00CBE244 /* Release */,
			);
			defaultConfigurationIsVisible = 0;
			defaultConfigurationName = Release;
		};
		4849B33C2B035FBD00CBE244 /* Build configuration list for PBXNativeTarget "CommunityProjectUITests" */ = {
			isa = XCConfigurationList;
			buildConfigurations = (
				4849B33D2B035FBD00CBE244 /* Debug */,
				4849B33E2B035FBD00CBE244 /* Release */,
			);
			defaultConfigurationIsVisible = 0;
			defaultConfigurationName = Release;
		};
/* End XCConfigurationList section */

/* Begin XCRemoteSwiftPackageReference section */
		4849B3592B08551200CBE244 /* XCRemoteSwiftPackageReference "SnapKit" */ = {
			isa = XCRemoteSwiftPackageReference;
			repositoryURL = "https://github.com/SnapKit/SnapKit.git";
			requirement = {
				kind = upToNextMajorVersion;
				minimumVersion = 5.6.0;
			};
		};
		4849B3632B0A0DC800CBE244 /* XCRemoteSwiftPackageReference "RxSwift" */ = {
			isa = XCRemoteSwiftPackageReference;
			repositoryURL = "https://github.com/ReactiveX/RxSwift.git";
			requirement = {
				kind = upToNextMajorVersion;
				minimumVersion = 6.6.0;
			};
		};
		48DA23002B0F384600A6FD56 /* XCRemoteSwiftPackageReference "Moya" */ = {
			isa = XCRemoteSwiftPackageReference;
			repositoryURL = "https://github.com/Moya/Moya.git";
			requirement = {
				kind = upToNextMajorVersion;
				minimumVersion = 15.0.3;
			};
		};
		48F8B2BA2B1E2A1C0096A108 /* XCRemoteSwiftPackageReference "Kingfisher" */ = {
			isa = XCRemoteSwiftPackageReference;
			repositoryURL = "https://github.com/onevcat/Kingfisher.git";
			requirement = {
				kind = upToNextMajorVersion;
				minimumVersion = 7.10.0;
			};
		};
/* End XCRemoteSwiftPackageReference section */

/* Begin XCSwiftPackageProductDependency section */
		4849B35A2B08551200CBE244 /* SnapKit */ = {
			isa = XCSwiftPackageProductDependency;
			package = 4849B3592B08551200CBE244 /* XCRemoteSwiftPackageReference "SnapKit" */;
			productName = SnapKit;
		};
		4849B3642B0A0DC800CBE244 /* RxCocoa */ = {
			isa = XCSwiftPackageProductDependency;
			package = 4849B3632B0A0DC800CBE244 /* XCRemoteSwiftPackageReference "RxSwift" */;
			productName = RxCocoa;
		};
		4849B3662B0A0DC800CBE244 /* RxRelay */ = {
			isa = XCSwiftPackageProductDependency;
			package = 4849B3632B0A0DC800CBE244 /* XCRemoteSwiftPackageReference "RxSwift" */;
			productName = RxRelay;
		};
		4849B3682B0A0DC800CBE244 /* RxSwift */ = {
			isa = XCSwiftPackageProductDependency;
			package = 4849B3632B0A0DC800CBE244 /* XCRemoteSwiftPackageReference "RxSwift" */;
			productName = RxSwift;
		};
		48DA23012B0F384600A6FD56 /* Moya */ = {
			isa = XCSwiftPackageProductDependency;
			package = 48DA23002B0F384600A6FD56 /* XCRemoteSwiftPackageReference "Moya" */;
			productName = Moya;
		};
		48F8B2BB2B1E2A1C0096A108 /* Kingfisher */ = {
			isa = XCSwiftPackageProductDependency;
			package = 48F8B2BA2B1E2A1C0096A108 /* XCRemoteSwiftPackageReference "Kingfisher" */;
			productName = Kingfisher;
		};
/* End XCSwiftPackageProductDependency section */
	};
	rootObject = 4849B3042B035FB800CBE244 /* Project object */;
}
